
Microsoft Visual Studio Solution File, Format Version 12.00
# Visual Studio Version 17
VisualStudioVersion = 17.9.34728.123
MinimumVisualStudioVersion = 10.0.40219.1
Project("{FAE04EC0-301F-11D3-BF4B-00C04F79EFBC}") = "hm-4-2", "hm-4-2.csproj", "{BBBC8C22-B5CB-46C5-8073-EA3B97CDF2FD}"
EndProject
Global
	GlobalSection(SolutionConfigurationPlatforms) = preSolution
		Debug|Any CPU = Debug|Any CPU
		Release|Any CPU = Release|Any CPU
	EndGlobalSection
	GlobalSection(ProjectConfigurationPlatforms) = postSolution
		{BBBC8C22-B5CB-46C5-8073-EA3B97CDF2FD}.Debug|Any CPU.ActiveCfg = Debug|Any CPU
		{BBBC8C22-B5CB-46C5-8073-EA3B97CDF2FD}.Debug|Any CPU.Build.0 = Debug|Any CPU
		{BBBC8C22-B5CB-46C5-8073-EA3B97CDF2FD}.Release|Any CPU.ActiveCfg = Release|Any CPU
		{BBBC8C22-B5CB-46C5-8073-EA3B97CDF2FD}.Release|Any CPU.Build.0 = Release|Any CPU
	EndGlobalSection
	GlobalSection(SolutionProperties) = preSolution
		HideSolutionNode = FALSE
	EndGlobalSection
	GlobalSection(ExtensibilityGlobals) = postSolution
		SolutionGuid = {3F0E500B-5A53-4193-8C03-DF6AE0DE569B}
	EndGlobalSection
EndGlobal
